// !$*UTF8*$!
{
	archiveVersion = 1;
	classes = {
	};
	objectVersion = 46;
	objects = {

/* Begin PBXBuildFile section */
		BA4769221D0D744600BE3CB1 /* AppDelegate.swift in Sources */ = {isa = PBXBuildFile; fileRef = BA4769211D0D744600BE3CB1 /* AppDelegate.swift */; };
		BA4769241D0D744600BE3CB1 /* ViewController.swift in Sources */ = {isa = PBXBuildFile; fileRef = BA4769231D0D744600BE3CB1 /* ViewController.swift */; };
		BA4769271D0D744600BE3CB1 /* Main.storyboard in Resources */ = {isa = PBXBuildFile; fileRef = BA4769251D0D744600BE3CB1 /* Main.storyboard */; };
		BA4769291D0D744600BE3CB1 /* Assets.xcassets in Resources */ = {isa = PBXBuildFile; fileRef = BA4769281D0D744600BE3CB1 /* Assets.xcassets */; };
		BA47692C1D0D744600BE3CB1 /* LaunchScreen.storyboard in Resources */ = {isa = PBXBuildFile; fileRef = BA47692A1D0D744600BE3CB1 /* LaunchScreen.storyboard */; };
		BA4769371D0D744600BE3CB1 /* ypccsbTests.swift in Sources */ = {isa = PBXBuildFile; fileRef = BA4769361D0D744600BE3CB1 /* ypccsbTests.swift */; };
		BA4769421D0D744700BE3CB1 /* ypccsbUITests.swift in Sources */ = {isa = PBXBuildFile; fileRef = BA4769411D0D744700BE3CB1 /* ypccsbUITests.swift */; };
/* End PBXBuildFile section */

/* Begin PBXContainerItemProxy section */
		BA4769331D0D744600BE3CB1 /* PBXContainerItemProxy */ = {
			isa = PBXContainerItemProxy;
			containerPortal = BA4769161D0D744600BE3CB1 /* Project object */;
			proxyType = 1;
			remoteGlobalIDString = BA47691D1D0D744600BE3CB1;
			remoteInfo = ypccsb;
		};
		BA47693E1D0D744600BE3CB1 /* PBXContainerItemProxy */ = {
			isa = PBXContainerItemProxy;
			containerPortal = BA4769161D0D744600BE3CB1 /* Project object */;
			proxyType = 1;
			remoteGlobalIDString = BA47691D1D0D744600BE3CB1;
			remoteInfo = ypccsb;
		};
/* End PBXContainerItemProxy section */

/* Begin PBXFileReference section */
		BA47691E1D0D744600BE3CB1 /* ypccsb.app */ = {isa = PBXFileReference; explicitFileType = wrapper.application; includeInIndex = 0; path = ypccsb.app; sourceTree = BUILT_PRODUCTS_DIR; };
		BA4769211D0D744600BE3CB1 /* AppDelegate.swift */ = {isa = PBXFileReference; lastKnownFileType = sourcecode.swift; path = AppDelegate.swift; sourceTree = "<group>"; };
		BA4769231D0D744600BE3CB1 /* ViewController.swift */ = {isa = PBXFileReference; lastKnownFileType = sourcecode.swift; path = ViewController.swift; sourceTree = "<group>"; };
		BA4769261D0D744600BE3CB1 /* Base */ = {isa = PBXFileReference; lastKnownFileType = file.storyboard; name = Base; path = Base.lproj/Main.storyboard; sourceTree = "<group>"; };
		BA4769281D0D744600BE3CB1 /* Assets.xcassets */ = {isa = PBXFileReference; lastKnownFileType = folder.assetcatalog; path = Assets.xcassets; sourceTree = "<group>"; };
		BA47692B1D0D744600BE3CB1 /* Base */ = {isa = PBXFileReference; lastKnownFileType = file.storyboard; name = Base; path = Base.lproj/LaunchScreen.storyboard; sourceTree = "<group>"; };
		BA47692D1D0D744600BE3CB1 /* Info.plist */ = {isa = PBXFileReference; lastKnownFileType = text.plist.xml; path = Info.plist; sourceTree = "<group>"; };
		BA4769321D0D744600BE3CB1 /* ypccsbTests.xctest */ = {isa = PBXFileReference; explicitFileType = wrapper.cfbundle; includeInIndex = 0; path = ypccsbTests.xctest; sourceTree = BUILT_PRODUCTS_DIR; };
		BA4769361D0D744600BE3CB1 /* ypccsbTests.swift */ = {isa = PBXFileReference; lastKnownFileType = sourcecode.swift; path = ypccsbTests.swift; sourceTree = "<group>"; };
		BA4769381D0D744600BE3CB1 /* Info.plist */ = {isa = PBXFileReference; lastKnownFileType = text.plist.xml; path = Info.plist; sourceTree = "<group>"; };
		BA47693D1D0D744600BE3CB1 /* ypccsbUITests.xctest */ = {isa = PBXFileReference; explicitFileType = wrapper.cfbundle; includeInIndex = 0; path = ypccsbUITests.xctest; sourceTree = BUILT_PRODUCTS_DIR; };
		BA4769411D0D744700BE3CB1 /* ypccsbUITests.swift */ = {isa = PBXFileReference; lastKnownFileType = sourcecode.swift; path = ypccsbUITests.swift; sourceTree = "<group>"; };
		BA4769431D0D744700BE3CB1 /* Info.plist */ = {isa = PBXFileReference; lastKnownFileType = text.plist.xml; path = Info.plist; sourceTree = "<group>"; };
/* End PBXFileReference section */

/* Begin PBXFrameworksBuildPhase section */
		BA47691B1D0D744600BE3CB1 /* Frameworks */ = {
			isa = PBXFrameworksBuildPhase;
			buildActionMask = 2147483647;
			files = (
			);
			runOnlyForDeploymentPostprocessing = 0;
		};
		BA47692F1D0D744600BE3CB1 /* Frameworks */ = {
			isa = PBXFrameworksBuildPhase;
			buildActionMask = 2147483647;
			files = (
			);
			runOnlyForDeploymentPostprocessing = 0;
		};
		BA47693A1D0D744600BE3CB1 /* Frameworks */ = {
			isa = PBXFrameworksBuildPhase;
			buildActionMask = 2147483647;
			files = (
			);
			runOnlyForDeploymentPostprocessing = 0;
		};
/* End PBXFrameworksBuildPhase section */

/* Begin PBXGroup section */
		BA4769151D0D744600BE3CB1 = {
			isa = PBXGroup;
			children = (
				BA4769201D0D744600BE3CB1 /* ypccsb */,
				BA4769351D0D744600BE3CB1 /* ypccsbTests */,
				BA4769401D0D744600BE3CB1 /* ypccsbUITests */,
				BA47691F1D0D744600BE3CB1 /* Products */,
			);
			sourceTree = "<group>";
		};
		BA47691F1D0D744600BE3CB1 /* Products */ = {
			isa = PBXGroup;
			children = (
				BA47691E1D0D744600BE3CB1 /* ypccsb.app */,
				BA4769321D0D744600BE3CB1 /* ypccsbTests.xctest */,
				BA47693D1D0D744600BE3CB1 /* ypccsbUITests.xctest */,
			);
			name = Products;
			sourceTree = "<group>";
		};
		BA4769201D0D744600BE3CB1 /* ypccsb */ = {
			isa = PBXGroup;
			children = (
				BA4769211D0D744600BE3CB1 /* AppDelegate.swift */,
				BA4769231D0D744600BE3CB1 /* ViewController.swift */,
				BA4769251D0D744600BE3CB1 /* Main.storyboard */,
				BA4769281D0D744600BE3CB1 /* Assets.xcassets */,
				BA47692A1D0D744600BE3CB1 /* LaunchScreen.storyboard */,
				BA47692D1D0D744600BE3CB1 /* Info.plist */,
			);
			path = ypccsb;
			sourceTree = "<group>";
		};
		BA4769351D0D744600BE3CB1 /* ypccsbTests */ = {
			isa = PBXGroup;
			children = (
				BA4769361D0D744600BE3CB1 /* ypccsbTests.swift */,
				BA4769381D0D744600BE3CB1 /* Info.plist */,
			);
			path = ypccsbTests;
			sourceTree = "<group>";
		};
		BA4769401D0D744600BE3CB1 /* ypccsbUITests */ = {
			isa = PBXGroup;
			children = (
				BA4769411D0D744700BE3CB1 /* ypccsbUITests.swift */,
				BA4769431D0D744700BE3CB1 /* Info.plist */,
			);
			path = ypccsbUITests;
			sourceTree = "<group>";
		};
/* End PBXGroup section */

/* Begin PBXNativeTarget section */
		BA47691D1D0D744600BE3CB1 /* ypccsb */ = {
			isa = PBXNativeTarget;
			buildConfigurationList = BA4769461D0D744700BE3CB1 /* Build configuration list for PBXNativeTarget "ypccsb" */;
			buildPhases = (
				BA47691A1D0D744600BE3CB1 /* Sources */,
				BA47691B1D0D744600BE3CB1 /* Frameworks */,
				BA47691C1D0D744600BE3CB1 /* Resources */,
			);
			buildRules = (
			);
			dependencies = (
			);
			name = ypccsb;
			productName = ypccsb;
			productReference = BA47691E1D0D744600BE3CB1 /* ypccsb.app */;
			productType = "com.apple.product-type.application";
		};
		BA4769311D0D744600BE3CB1 /* ypccsbTests */ = {
			isa = PBXNativeTarget;
			buildConfigurationList = BA4769491D0D744700BE3CB1 /* Build configuration list for PBXNativeTarget "ypccsbTests" */;
			buildPhases = (
				BA47692E1D0D744600BE3CB1 /* Sources */,
				BA47692F1D0D744600BE3CB1 /* Frameworks */,
				BA4769301D0D744600BE3CB1 /* Resources */,
			);
			buildRules = (
			);
			dependencies = (
				BA4769341D0D744600BE3CB1 /* PBXTargetDependency */,
			);
			name = ypccsbTests;
			productName = ypccsbTests;
			productReference = BA4769321D0D744600BE3CB1 /* ypccsbTests.xctest */;
			productType = "com.apple.product-type.bundle.unit-test";
		};
		BA47693C1D0D744600BE3CB1 /* ypccsbUITests */ = {
			isa = PBXNativeTarget;
			buildConfigurationList = BA47694C1D0D744700BE3CB1 /* Build configuration list for PBXNativeTarget "ypccsbUITests" */;
			buildPhases = (
				BA4769391D0D744600BE3CB1 /* Sources */,
				BA47693A1D0D744600BE3CB1 /* Frameworks */,
				BA47693B1D0D744600BE3CB1 /* Resources */,
			);
			buildRules = (
			);
			dependencies = (
				BA47693F1D0D744600BE3CB1 /* PBXTargetDependency */,
			);
			name = ypccsbUITests;
			productName = ypccsbUITests;
			productReference = BA47693D1D0D744600BE3CB1 /* ypccsbUITests.xctest */;
			productType = "com.apple.product-type.bundle.ui-testing";
		};
/* End PBXNativeTarget section */

/* Begin PBXProject section */
		BA4769161D0D744600BE3CB1 /* Project object */ = {
			isa = PBXProject;
			attributes = {
				LastSwiftUpdateCheck = 0720;
				LastUpgradeCheck = 0720;
				ORGANIZATIONNAME = "李言";
				TargetAttributes = {
					BA47691D1D0D744600BE3CB1 = {
						CreatedOnToolsVersion = 7.2.1;
						DevelopmentTeam = U4BHWUFC96;
					};
					BA4769311D0D744600BE3CB1 = {
						CreatedOnToolsVersion = 7.2.1;
						DevelopmentTeam = U4BHWUFC96;
						TestTargetID = BA47691D1D0D744600BE3CB1;
					};
					BA47693C1D0D744600BE3CB1 = {
						CreatedOnToolsVersion = 7.2.1;
						DevelopmentTeam = U4BHWUFC96;
						TestTargetID = BA47691D1D0D744600BE3CB1;
					};
				};
			};
			buildConfigurationList = BA4769191D0D744600BE3CB1 /* Build configuration list for PBXProject "ypccsb" */;
			compatibilityVersion = "Xcode 3.2";
			developmentRegion = English;
			hasScannedForEncodings = 0;
			knownRegions = (
				en,
				Base,
			);
			mainGroup = BA4769151D0D744600BE3CB1;
			productRefGroup = BA47691F1D0D744600BE3CB1 /* Products */;
			projectDirPath = "";
			projectRoot = "";
			targets = (
				BA47691D1D0D744600BE3CB1 /* ypccsb */,
				BA4769311D0D744600BE3CB1 /* ypccsbTests */,
				BA47693C1D0D744600BE3CB1 /* ypccsbUITests */,
			);
		};
/* End PBXProject section */

/* Begin PBXResourcesBuildPhase section */
		BA47691C1D0D744600BE3CB1 /* Resources */ = {
			isa = PBXResourcesBuildPhase;
			buildActionMask = 2147483647;
			files = (
				BA47692C1D0D744600BE3CB1 /* LaunchScreen.storyboard in Resources */,
				BA4769291D0D744600BE3CB1 /* Assets.xcassets in Resources */,
				BA4769271D0D744600BE3CB1 /* Main.storyboard in Resources */,
			);
			runOnlyForDeploymentPostprocessing = 0;
		};
		BA4769301D0D744600BE3CB1 /* Resources */ = {
			isa = PBXResourcesBuildPhase;
			buildActionMask = 2147483647;
			files = (
			);
			runOnlyForDeploymentPostprocessing = 0;
		};
		BA47693B1D0D744600BE3CB1 /* Resources */ = {
			isa = PBXResourcesBuildPhase;
			buildActionMask = 2147483647;
			files = (
			);
			runOnlyForDeploymentPostprocessing = 0;
		};
/* End PBXResourcesBuildPhase section */

/* Begin PBXSourcesBuildPhase section */
		BA47691A1D0D744600BE3CB1 /* Sources */ = {
			isa = PBXSourcesBuildPhase;
			buildActionMask = 2147483647;
			files = (
				BA4769241D0D744600BE3CB1 /* ViewController.swift in Sources */,
				BA4769221D0D744600BE3CB1 /* AppDelegate.swift in Sources */,
			);
			runOnlyForDeploymentPostprocessing = 0;
		};
		BA47692E1D0D744600BE3CB1 /* Sources */ = {
			isa = PBXSourcesBuildPhase;
			buildActionMask = 2147483647;
			files = (
				BA4769371D0D744600BE3CB1 /* ypccsbTests.swift in Sources */,
			);
			runOnlyForDeploymentPostprocessing = 0;
		};
		BA4769391D0D744600BE3CB1 /* Sources */ = {
			isa = PBXSourcesBuildPhase;
			buildActionMask = 2147483647;
			files = (
				BA4769421D0D744700BE3CB1 /* ypccsbUITests.swift in Sources */,
			);
			runOnlyForDeploymentPostprocessing = 0;
		};
/* End PBXSourcesBuildPhase section */

/* Begin PBXTargetDependency section */
		BA4769341D0D744600BE3CB1 /* PBXTargetDependency */ = {
			isa = PBXTargetDependency;
			target = BA47691D1D0D744600BE3CB1 /* ypccsb */;
			targetProxy = BA4769331D0D744600BE3CB1 /* PBXContainerItemProxy */;
		};
		BA47693F1D0D744600BE3CB1 /* PBXTargetDependency */ = {
			isa = PBXTargetDependency;
			target = BA47691D1D0D744600BE3CB1 /* ypccsb */;
			targetProxy = BA47693E1D0D744600BE3CB1 /* PBXContainerItemProxy */;
		};
/* End PBXTargetDependency section */

/* Begin PBXVariantGroup section */
		BA4769251D0D744600BE3CB1 /* Main.storyboard */ = {
			isa = PBXVariantGroup;
			children = (
				BA4769261D0D744600BE3CB1 /* Base */,
			);
			name = Main.storyboard;
			sourceTree = "<group>";
		};
		BA47692A1D0D744600BE3CB1 /* LaunchScreen.storyboard */ = {
			isa = PBXVariantGroup;
			children = (
				BA47692B1D0D744600BE3CB1 /* Base */,
			);
			name = LaunchScreen.storyboard;
			sourceTree = "<group>";
		};
/* End PBXVariantGroup section */

/* Begin XCBuildConfiguration section */
		BA4769441D0D744700BE3CB1 /* Debug */ = {
			isa = XCBuildConfiguration;
			buildSettings = {
				ALWAYS_SEARCH_USER_PATHS = NO;
				CLANG_CXX_LANGUAGE_STANDARD = "gnu++0x";
				CLANG_CXX_LIBRARY = "libc++";
				CLANG_ENABLE_MODULES = YES;
				CLANG_ENABLE_OBJC_ARC = YES;
				CLANG_WARN_BOOL_CONVERSION = YES;
				CLANG_WARN_CONSTANT_CONVERSION = YES;
				CLANG_WARN_DIRECT_OBJC_ISA_USAGE = YES_ERROR;
				CLANG_WARN_EMPTY_BODY = YES;
				CLANG_WARN_ENUM_CONVERSION = YES;
				CLANG_WARN_INT_CONVERSION = YES;
				CLANG_WARN_OBJC_ROOT_CLASS = YES_ERROR;
				CLANG_WARN_UNREACHABLE_CODE = YES;
				CLANG_WARN__DUPLICATE_METHOD_MATCH = YES;
				"CODE_SIGN_IDENTITY[sdk=iphoneos*]" = "iPhone Developer";
				COPY_PHASE_STRIP = NO;
				DEBUG_INFORMATION_FORMAT = dwarf;
				ENABLE_STRICT_OBJC_MSGSEND = YES;
				ENABLE_TESTABILITY = YES;
				GCC_C_LANGUAGE_STANDARD = gnu99;
				GCC_DYNAMIC_NO_PIC = NO;
				GCC_NO_COMMON_BLOCKS = YES;
				GCC_OPTIMIZATION_LEVEL = 0;
				GCC_PREPROCESSOR_DEFINITIONS = (
					"DEBUG=1",
					"$(inherited)",
				);
				GCC_WARN_64_TO_32_BIT_CONVERSION = YES;
				GCC_WARN_ABOUT_RETURN_TYPE = YES_ERROR;
				GCC_WARN_UNDECLARED_SELECTOR = YES;
				GCC_WARN_UNINITIALIZED_AUTOS = YES_AGGRESSIVE;
				GCC_WARN_UNUSED_FUNCTION = YES;
				GCC_WARN_UNUSED_VARIABLE = YES;
				IPHONEOS_DEPLOYMENT_TARGET = 9.2;
				MTL_ENABLE_DEBUG_INFO = YES;
				ONLY_ACTIVE_ARCH = YES;
				SDKROOT = iphoneos;
				SWIFT_OPTIMIZATION_LEVEL = "-Onone";
				TARGETED_DEVICE_FAMILY = "1,2";
			};
			name = Debug;
		};
		BA4769451D0D744700BE3CB1 /* Release */ = {
			isa = XCBuildConfiguration;
			buildSettings = {
				ALWAYS_SEARCH_USER_PATHS = NO;
				CLANG_CXX_LANGUAGE_STANDARD = "gnu++0x";
				CLANG_CXX_LIBRARY = "libc++";
				CLANG_ENABLE_MODULES = YES;
				CLANG_ENABLE_OBJC_ARC = YES;
				CLANG_WARN_BOOL_CONVERSION = YES;
				CLANG_WARN_CONSTANT_CONVERSION = YES;
				CLANG_WARN_DIRECT_OBJC_ISA_USAGE = YES_ERROR;
				CLANG_WARN_EMPTY_BODY = YES;
				CLANG_WARN_ENUM_CONVERSION = YES;
				CLANG_WARN_INT_CONVERSION = YES;
				CLANG_WARN_OBJC_ROOT_CLASS = YES_ERROR;
				CLANG_WARN_UNREACHABLE_CODE = YES;
				CLANG_WARN__DUPLICATE_METHOD_MATCH = YES;
				"CODE_SIGN_IDENTITY[sdk=iphoneos*]" = "iPhone Developer";
				COPY_PHASE_STRIP = NO;
				DEBUG_INFORMATION_FORMAT = "dwarf-with-dsym";
				ENABLE_NS_ASSERTIONS = NO;
				ENABLE_STRICT_OBJC_MSGSEND = YES;
				GCC_C_LANGUAGE_STANDARD = gnu99;
				GCC_NO_COMMON_BLOCKS = YES;
				GCC_WARN_64_TO_32_BIT_CONVERSION = YES;
				GCC_WARN_ABOUT_RETURN_TYPE = YES_ERROR;
				GCC_WARN_UNDECLARED_SELECTOR = YES;
				GCC_WARN_UNINITIALIZED_AUTOS = YES_AGGRESSIVE;
				GCC_WARN_UNUSED_FUNCTION = YES;
				GCC_WARN_UNUSED_VARIABLE = YES;
				IPHONEOS_DEPLOYMENT_TARGET = 9.2;
				MTL_ENABLE_DEBUG_INFO = NO;
				SDKROOT = iphoneos;
				TARGETED_DEVICE_FAMILY = "1,2";
				VALIDATE_PRODUCT = YES;
			};
			name = Release;
		};
		BA4769471D0D744700BE3CB1 /* Debug */ = {
			isa = XCBuildConfiguration;
			buildSettings = {
				ASSETCATALOG_COMPILER_APPICON_NAME = AppIcon;
				INFOPLIST_FILE = ypccsb/Info.plist;
				LD_RUNPATH_SEARCH_PATHS = "$(inherited) @executable_path/Frameworks";
				PRODUCT_BUNDLE_IDENTIFIER = liyan.ypccsb;
				PRODUCT_NAME = "$(TARGET_NAME)";
			};
			name = Debug;
		};
		BA4769481D0D744700BE3CB1 /* Release */ = {
			isa = XCBuildConfiguration;
			buildSettings = {
				ASSETCATALOG_COMPILER_APPICON_NAME = AppIcon;
				INFOPLIST_FILE = ypccsb/Info.plist;
				LD_RUNPATH_SEARCH_PATHS = "$(inherited) @executable_path/Frameworks";
				PRODUCT_BUNDLE_IDENTIFIER = liyan.ypccsb;
				PRODUCT_NAME = "$(TARGET_NAME)";
			};
			name = Release;
		};
		BA47694A1D0D744700BE3CB1 /* Debug */ = {
			isa = XCBuildConfiguration;
			buildSettings = {
				BUNDLE_LOADER = "$(TEST_HOST)";
				INFOPLIST_FILE = ypccsbTests/Info.plist;
				LD_RUNPATH_SEARCH_PATHS = "$(inherited) @executable_path/Frameworks @loader_path/Frameworks";
				PRODUCT_BUNDLE_IDENTIFIER = liyan.ypccsbTests;
				PRODUCT_NAME = "$(TARGET_NAME)";
				TEST_HOST = "$(BUILT_PRODUCTS_DIR)/ypccsb.app/ypccsb";
			};
			name = Debug;
		};
		BA47694B1D0D744700BE3CB1 /* Release */ = {
			isa = XCBuildConfiguration;
			buildSettings = {
				BUNDLE_LOADER = "$(TEST_HOST)";
				INFOPLIST_FILE = ypccsbTests/Info.plist;
				LD_RUNPATH_SEARCH_PATHS = "$(inherited) @executable_path/Frameworks @loader_path/Frameworks";
				PRODUCT_BUNDLE_IDENTIFIER = liyan.ypccsbTests;
				PRODUCT_NAME = "$(TARGET_NAME)";
				TEST_HOST = "$(BUILT_PRODUCTS_DIR)/ypccsb.app/ypccsb";
			};
			name = Release;
		};
		BA47694D1D0D744700BE3CB1 /* Debug */ = {
			isa = XCBuildConfiguration;
			buildSettings = {
				INFOPLIST_FILE = ypccsbUITests/Info.plist;
				LD_RUNPATH_SEARCH_PATHS = "$(inherited) @executable_path/Frameworks @loader_path/Frameworks";
				PRODUCT_BUNDLE_IDENTIFIER = liyan.ypccsbUITests;
				PRODUCT_NAME = "$(TARGET_NAME)";
				TEST_TARGET_NAME = ypccsb;
				USES_XCTRUNNER = YES;
			};
			name = Debug;
		};
		BA47694E1D0D744700BE3CB1 /* Release */ = {
			isa = XCBuildConfiguration;
			buildSettings = {
				INFOPLIST_FILE = ypccsbUITests/Info.plist;
				LD_RUNPATH_SEARCH_PATHS = "$(inherited) @executable_path/Frameworks @loader_path/Frameworks";
				PRODUCT_BUNDLE_IDENTIFIER = liyan.ypccsbUITests;
				PRODUCT_NAME = "$(TARGET_NAME)";
				TEST_TARGET_NAME = ypccsb;
				USES_XCTRUNNER = YES;
			};
			name = Release;
		};
/* End XCBuildConfiguration section */

/* Begin XCConfigurationList section */
		BA4769191D0D744600BE3CB1 /* Build configuration list for PBXProject "ypccsb" */ = {
			isa = XCConfigurationList;
			buildConfigurations = (
				BA4769441D0D744700BE3CB1 /* Debug */,
				BA4769451D0D744700BE3CB1 /* Release */,
			);
			defaultConfigurationIsVisible = 0;
			defaultConfigurationName = Release;
		};
		BA4769461D0D744700BE3CB1 /* Build configuration list for PBXNativeTarget "ypccsb" */ = {
			isa = XCConfigurationList;
			buildConfigurations = (
				BA4769471D0D744700BE3CB1 /* Debug */,
				BA4769481D0D744700BE3CB1 /* Release */,
			);
			defaultConfigurationIsVisible = 0;
		};
		BA4769491D0D744700BE3CB1 /* Build configuration list for PBXNativeTarget "ypccsbTests" */ = {
			isa = XCConfigurationList;
			buildConfigurations = (
				BA47694A1D0D744700BE3CB1 /* Debug */,
				BA47694B1D0D744700BE3CB1 /* Release */,
			);
			defaultConfigurationIsVisible = 0;
		};
		BA47694C1D0D744700BE3CB1 /* Build configuration list for PBXNativeTarget "ypccsbUITests" */ = {
			isa = XCConfigurationList;
			buildConfigurations = (
				BA47694D1D0D744700BE3CB1 /* Debug */,
				BA47694E1D0D744700BE3CB1 /* Release */,
			);
			defaultConfigurationIsVisible = 0;
		};
/* End XCConfigurationList section */
	};
	rootObject = BA4769161D0D744600BE3CB1 /* Project object */;
}
